
Microsoft Visual Studio Solution File, Format Version 12.00
# Visual Studio Version 17
VisualStudioVersion = 17.0.31903.59
MinimumVisualStudioVersion = 10.0.40219.1
Project("{FAE04EC0-301F-11D3-BF4B-00C04F79EFBC}") = "ATSRoadTripConverter", "ATSRoadTripConverter.csproj", "{B4E5BFD2-6C9C-4B3B-83A5-1B8D6C2026A1}"
EndProject
Project("{2150E333-8FDC-42A3-9474-1A3956D46DE8}") = "Tests", "Tests", "{0AB3BF05-4346-4AA6-1389-037BE0695223}"
EndProject
Project("{FAE04EC0-301F-11D3-BF4B-00C04F79EFBC}") = "LocalUpdaterSmokeTest", "Tests\LocalUpdaterSmokeTest\LocalUpdaterSmokeTest.csproj", "{52164D56-0A45-4831-871D-C07B3FEAF5D9}"
EndProject
Project("{FAE04EC0-301F-11D3-BF4B-00C04F79EFBC}") = "ModConverterVerify", "Tests\ModConverterVerify\ModConverterVerify.csproj", "{9B35F69C-3E16-4A35-8C72-E77D45DB1B88}"
EndProject
Project("{FAE04EC0-301F-11D3-BF4B-00C04F79EFBC}") = "SettingsMigrationVerify", "Tests\SettingsMigrationVerify\SettingsMigrationVerify.csproj", "{6C1D4E88-2A73-4F5B-9E60-5B8A7D3C1F04}"
EndProject
Project("{2150E333-8FDC-42A3-9474-1A3956D46DE8}") = "Cli", "Cli", "{342A349A-D343-8551-4064-2E2800C39E13}"
EndProject
Project("{FAE04EC0-301F-11D3-BF4B-00C04F79EFBC}") = "ATSRoadTripConverter.Cli", "Cli\ATSRoadTripConverter.Cli.csproj", "{6F380EAC-EE08-4CDD-83EB-8722222F48B8}"
EndProject
Global
	GlobalSection(SolutionConfigurationPlatforms) = preSolution
		Debug|Any CPU = Debug|Any CPU
		Debug|x64 = Debug|x64
		Debug|x86 = Debug|x86
		Release|Any CPU = Release|Any CPU
		Release|x64 = Release|x64
		Release|x86 = Release|x86
	EndGlobalSection
	GlobalSection(ProjectConfigurationPlatforms) = postSolution
		{B4E5BFD2-6C9C-4B3B-83A5-1B8D6C2026A1}.Debug|Any CPU.ActiveCfg = Debug|Any CPU
		{B4E5BFD2-6C9C-4B3B-83A5-1B8D6C2026A1}.Debug|Any CPU.Build.0 = Debug|Any CPU
		{B4E5BFD2-6C9C-4B3B-83A5-1B8D6C2026A1}.Debug|x64.ActiveCfg = Debug|Any CPU
		{B4E5BFD2-6C9C-4B3B-83A5-1B8D6C2026A1}.Debug|x64.Build.0 = Debug|Any CPU
		{B4E5BFD2-6C9C-4B3B-83A5-1B8D6C2026A1}.Debug|x86.ActiveCfg = Debug|Any CPU
		{B4E5BFD2-6C9C-4B3B-83A5-1B8D6C2026A1}.Debug|x86.Build.0 = Debug|Any CPU
		{B4E5BFD2-6C9C-4B3B-83A5-1B8D6C2026A1}.Release|Any CPU.ActiveCfg = Release|Any CPU
		{B4E5BFD2-6C9C-4B3B-83A5-1B8D6C2026A1}.Release|Any CPU.Build.0 = Release|Any CPU
		{B4E5BFD2-6C9C-4B3B-83A5-1B8D6C2026A1}.Release|x64.ActiveCfg = Release|Any CPU
		{B4E5BFD2-6C9C-4B3B-83A5-1B8D6C2026A1}.Release|x64.Build.0 = Release|Any CPU
		{B4E5BFD2-6C9C-4B3B-83A5-1B8D6C2026A1}.Release|x86.ActiveCfg = Release|Any CPU
		{B4E5BFD2-6C9C-4B3B-83A5-1B8D6C2026A1}.Release|x86.Build.0 = Release|Any CPU
		{52164D56-0A45-4831-871D-C07B3FEAF5D9}.Debug|Any CPU.ActiveCfg = Debug|Any CPU
		{52164D56-0A45-4831-871D-C07B3FEAF5D9}.Debug|Any CPU.Build.0 = Debug|Any CPU
		{52164D56-0A45-4831-871D-C07B3FEAF5D9}.Debug|x64.ActiveCfg = Debug|Any CPU
		{52164D56-0A45-4831-871D-C07B3FEAF5D9}.Debug|x64.Build.0 = Debug|Any CPU
		{52164D56-0A45-4831-871D-C07B3FEAF5D9}.Debug|x86.ActiveCfg = Debug|Any CPU
		{52164D56-0A45-4831-871D-C07B3FEAF5D9}.Debug|x86.Build.0 = Debug|Any CPU
		{52164D56-0A45-4831-871D-C07B3FEAF5D9}.Release|Any CPU.ActiveCfg = Release|Any CPU
		{52164D56-0A45-4831-871D-C07B3FEAF5D9}.Release|Any CPU.Build.0 = Release|Any CPU
		{52164D56-0A45-4831-871D-C07B3FEAF5D9}.Release|x64.ActiveCfg = Release|Any CPU
		{52164D56-0A45-4831-871D-C07B3FEAF5D9}.Release|x64.Build.0 = Release|Any CPU
		{52164D56-0A45-4831-871D-C07B3FEAF5D9}.Release|x86.ActiveCfg = Release|Any CPU
		{52164D56-0A45-4831-871D-C07B3FEAF5D9}.Release|x86.Build.0 = Release|Any CPU
		{9B35F69C-3E16-4A35-8C72-E77D45DB1B88}.Debug|Any CPU.ActiveCfg = Debug|Any CPU
		{9B35F69C-3E16-4A35-8C72-E77D45DB1B88}.Debug|Any CPU.Build.0 = Debug|Any CPU
		{9B35F69C-3E16-4A35-8C72-E77D45DB1B88}.Debug|x64.ActiveCfg = Debug|Any CPU
		{9B35F69C-3E16-4A35-8C72-E77D45DB1B88}.Debug|x64.Build.0 = Debug|Any CPU
		{9B35F69C-3E16-4A35-8C72-E77D45DB1B88}.Debug|x86.ActiveCfg = Debug|Any CPU
		{9B35F69C-3E16-4A35-8C72-E77D45DB1B88}.Debug|x86.Build.0 = Debug|Any CPU
		{9B35F69C-3E16-4A35-8C72-E77D45DB1B88}.Release|Any CPU.ActiveCfg = Release|Any CPU
		{9B35F69C-3E16-4A35-8C72-E77D45DB1B88}.Release|Any CPU.Build.0 = Release|Any CPU
		{9B35F69C-3E16-4A35-8C72-E77D45DB1B88}.Release|x64.ActiveCfg = Release|Any CPU
		{9B35F69C-3E16-4A35-8C72-E77D45DB1B88}.Release|x64.Build.0 = Release|Any CPU
		{9B35F69C-3E16-4A35-8C72-E77D45DB1B88}.Release|x86.ActiveCfg = Release|Any CPU
		{9B35F69C-3E16-4A35-8C72-E77D45DB1B88}.Release|x86.Build.0 = Release|Any CPU
		{6C1D4E88-2A73-4F5B-9E60-5B8A7D3C1F04}.Debug|Any CPU.ActiveCfg = Debug|Any CPU
		{6C1D4E88-2A73-4F5B-9E60-5B8A7D3C1F04}.Debug|Any CPU.Build.0 = Debug|Any CPU
		{6C1D4E88-2A73-4F5B-9E60-5B8A7D3C1F04}.Debug|x64.ActiveCfg = Debug|Any CPU
		{6C1D4E88-2A73-4F5B-9E60-5B8A7D3C1F04}.Debug|x64.Build.0 = Debug|Any CPU
		{6C1D4E88-2A73-4F5B-9E60-5B8A7D3C1F04}.Debug|x86.ActiveCfg = Debug|Any CPU
		{6C1D4E88-2A73-4F5B-9E60-5B8A7D3C1F04}.Debug|x86.Build.0 = Debug|Any CPU
		{6C1D4E88-2A73-4F5B-9E60-5B8A7D3C1F04}.Release|Any CPU.ActiveCfg = Release|Any CPU
		{6C1D4E88-2A73-4F5B-9E60-5B8A7D3C1F04}.Release|Any CPU.Build.0 = Release|Any CPU
		{6C1D4E88-2A73-4F5B-9E60-5B8A7D3C1F04}.Release|x64.ActiveCfg = Release|Any CPU
		{6C1D4E88-2A73-4F5B-9E60-5B8A7D3C1F04}.Release|x64.Build.0 = Release|Any CPU
		{6C1D4E88-2A73-4F5B-9E60-5B8A7D3C1F04}.Release|x86.ActiveCfg = Release|Any CPU
		{6C1D4E88-2A73-4F5B-9E60-5B8A7D3C1F04}.Release|x86.Build.0 = Release|Any CPU
		{6F380EAC-EE08-4CDD-83EB-8722222F48B8}.Debug|Any CPU.ActiveCfg = Debug|Any CPU
		{6F380EAC-EE08-4CDD-83EB-8722222F48B8}.Debug|Any CPU.Build.0 = Debug|Any CPU
		{6F380EAC-EE08-4CDD-83EB-8722222F48B8}.Debug|x64.ActiveCfg = Debug|Any CPU
		{6F380EAC-EE08-4CDD-83EB-8722222F48B8}.Debug|x64.Build.0 = Debug|Any CPU
		{6F380EAC-EE08-4CDD-83EB-8722222F48B8}.Debug|x86.ActiveCfg = Debug|Any CPU
		{6F380EAC-EE08-4CDD-83EB-8722222F48B8}.Debug|x86.Build.0 = Debug|Any CPU
		{6F380EAC-EE08-4CDD-83EB-8722222F48B8}.Release|Any CPU.ActiveCfg = Release|Any CPU
		{6F380EAC-EE08-4CDD-83EB-8722222F48B8}.Release|Any CPU.Build.0 = Release|Any CPU
		{6F380EAC-EE08-4CDD-83EB-8722222F48B8}.Release|x64.ActiveCfg = Release|Any CPU
		{6F380EAC-EE08-4CDD-83EB-8722222F48B8}.Release|x64.Build.0 = Release|Any CPU
		{6F380EAC-EE08-4CDD-83EB-8722222F48B8}.Release|x86.ActiveCfg = Release|Any CPU
		{6F380EAC-EE08-4CDD-83EB-8722222F48B8}.Release|x86.Build.0 = Release|Any CPU
	EndGlobalSection
	GlobalSection(SolutionProperties) = preSolution
		HideSolutionNode = FALSE
	EndGlobalSection
	GlobalSection(NestedProjects) = preSolution
		{52164D56-0A45-4831-871D-C07B3FEAF5D9} = {0AB3BF05-4346-4AA6-1389-037BE0695223}
		{9B35F69C-3E16-4A35-8C72-E77D45DB1B88} = {0AB3BF05-4346-4AA6-1389-037BE0695223}
		{6C1D4E88-2A73-4F5B-9E60-5B8A7D3C1F04} = {0AB3BF05-4346-4AA6-1389-037BE0695223}
		{6F380EAC-EE08-4CDD-83EB-8722222F48B8} = {342A349A-D343-8551-4064-2E2800C39E13}
	EndGlobalSection
EndGlobal
